
Microsoft Visual Studio Solution File, Format Version 12.00
# Visual Studio Version 17
VisualStudioVersion = 17.6.33829.357
MinimumVisualStudioVersion = 10.0.40219.1
Project("{2150E333-8FDC-42A3-9474-1A3956D46DE8}") = "CreationalPatterns", "CreationalPatterns", "{ABB85651-B077-474E-914C-124F42036B1C}"
EndProject
Project("{9A19103F-16F7-4668-BE54-9A1E7A4F7556}") = "FactoryMethod", "CreationalPatterns\FactoryMethod\FactoryMethod.csproj", "{EAEAF068-112A-4B5C-98B8-416ACFAAF60C}"
EndProject
Project("{9A19103F-16F7-4668-BE54-9A1E7A4F7556}") = "Singleton", "CreationalPatterns\Singleton\Singleton.csproj", "{437F44BC-EA33-4D9C-9532-53FFCAC2DFF4}"
EndProject
Project("{9A19103F-16F7-4668-BE54-9A1E7A4F7556}") = "Builder", "CreationalPatterns\Builder\Builder.csproj", "{37649F69-79C6-4A15-9FA1-BEA593D2C37C}"
EndProject
Project("{2150E333-8FDC-42A3-9474-1A3956D46DE8}") = "StructuralPatterns", "StructuralPatterns", "{B1C8C97E-C53F-4848-8488-327166AEBAA7}"
EndProject
Project("{9A19103F-16F7-4668-BE54-9A1E7A4F7556}") = "Adapter", "StructuralPatterns\Adapter\Adapter.csproj", "{1E38CB8F-2E1A-4961-95C2-A35EA8B71381}"
EndProject
Project("{9A19103F-16F7-4668-BE54-9A1E7A4F7556}") = "Decorator", "StructuralPatterns\Decorator\Decorator.csproj", "{A3263968-C057-4F10-832C-7502AC57591D}"
EndProject
Project("{9A19103F-16F7-4668-BE54-9A1E7A4F7556}") = "Facade", "StructuralPatterns\Facade\Facade.csproj", "{24F8D7D1-2700-48ED-AA62-6906CC2E7B7A}"
EndProject
Project("{9A19103F-16F7-4668-BE54-9A1E7A4F7556}") = "Proxy", "StructuralPatterns\Proxy\Proxy.csproj", "{A9DCB75E-70C5-4F81-A62E-77DFE3506520}"
EndProject
Project("{9A19103F-16F7-4668-BE54-9A1E7A4F7556}") = "Command", "BehavioralPatterns\Command\Command.csproj", "{7D15E563-5711-4FF4-AA72-73F216A5C640}"
EndProject
Project("{2150E333-8FDC-42A3-9474-1A3956D46DE8}") = "BehavioralPatterns", "BehavioralPatterns", "{6FDA3A0E-3F50-4082-8E77-4F6D2CD5BDCA}"
EndProject
Project("{9A19103F-16F7-4668-BE54-9A1E7A4F7556}") = "Strategy", "BehavioralPatterns\Strategy\Strategy.csproj", "{D969A5F0-5A99-42D4-AF19-31438090D3A7}"
EndProject
Project("{9A19103F-16F7-4668-BE54-9A1E7A4F7556}") = "Iterator", "BehavioralPatterns\Iterator\Iterator.csproj", "{B36DB1E0-840F-4F8F-A669-98C52CA230CF}"
EndProject
Project("{9A19103F-16F7-4668-BE54-9A1E7A4F7556}") = "Mediator", "BehavioralPatterns\Mediator\Mediator.csproj", "{2F1AA56E-15AF-4FCB-8A5C-78B7F6E370C0}"
EndProject
Project("{FAE04EC0-301F-11D3-BF4B-00C04F79EFBC}") = "Observer", "BehavioralPatterns\Observer\Observer.csproj", "{6CE1AF08-DAAE-4477-8989-756F49800EFC}"
EndProject
Global
	GlobalSection(SolutionConfigurationPlatforms) = preSolution
		Debug|Any CPU = Debug|Any CPU
		Release|Any CPU = Release|Any CPU
	EndGlobalSection
	GlobalSection(ProjectConfigurationPlatforms) = postSolution
		{EAEAF068-112A-4B5C-98B8-416ACFAAF60C}.Debug|Any CPU.ActiveCfg = Debug|Any CPU
		{EAEAF068-112A-4B5C-98B8-416ACFAAF60C}.Debug|Any CPU.Build.0 = Debug|Any CPU
		{EAEAF068-112A-4B5C-98B8-416ACFAAF60C}.Release|Any CPU.ActiveCfg = Release|Any CPU
		{EAEAF068-112A-4B5C-98B8-416ACFAAF60C}.Release|Any CPU.Build.0 = Release|Any CPU
		{437F44BC-EA33-4D9C-9532-53FFCAC2DFF4}.Debug|Any CPU.ActiveCfg = Debug|Any CPU
		{437F44BC-EA33-4D9C-9532-53FFCAC2DFF4}.Debug|Any CPU.Build.0 = Debug|Any CPU
		{437F44BC-EA33-4D9C-9532-53FFCAC2DFF4}.Release|Any CPU.ActiveCfg = Release|Any CPU
		{437F44BC-EA33-4D9C-9532-53FFCAC2DFF4}.Release|Any CPU.Build.0 = Release|Any CPU
		{37649F69-79C6-4A15-9FA1-BEA593D2C37C}.Debug|Any CPU.ActiveCfg = Debug|Any CPU
		{37649F69-79C6-4A15-9FA1-BEA593D2C37C}.Debug|Any CPU.Build.0 = Debug|Any CPU
		{37649F69-79C6-4A15-9FA1-BEA593D2C37C}.Release|Any CPU.ActiveCfg = Release|Any CPU
		{37649F69-79C6-4A15-9FA1-BEA593D2C37C}.Release|Any CPU.Build.0 = Release|Any CPU
		{1E38CB8F-2E1A-4961-95C2-A35EA8B71381}.Debug|Any CPU.ActiveCfg = Debug|Any CPU
		{1E38CB8F-2E1A-4961-95C2-A35EA8B71381}.Debug|Any CPU.Build.0 = Debug|Any CPU
		{1E38CB8F-2E1A-4961-95C2-A35EA8B71381}.Release|Any CPU.ActiveCfg = Release|Any CPU
		{1E38CB8F-2E1A-4961-95C2-A35EA8B71381}.Release|Any CPU.Build.0 = Release|Any CPU
		{A3263968-C057-4F10-832C-7502AC57591D}.Debug|Any CPU.ActiveCfg = Debug|Any CPU
		{A3263968-C057-4F10-832C-7502AC57591D}.Debug|Any CPU.Build.0 = Debug|Any CPU
		{A3263968-C057-4F10-832C-7502AC57591D}.Release|Any CPU.ActiveCfg = Release|Any CPU
		{A3263968-C057-4F10-832C-7502AC57591D}.Release|Any CPU.Build.0 = Release|Any CPU
		{24F8D7D1-2700-48ED-AA62-6906CC2E7B7A}.Debug|Any CPU.ActiveCfg = Debug|Any CPU
		{24F8D7D1-2700-48ED-AA62-6906CC2E7B7A}.Debug|Any CPU.Build.0 = Debug|Any CPU
		{24F8D7D1-2700-48ED-AA62-6906CC2E7B7A}.Release|Any CPU.ActiveCfg = Release|Any CPU
		{24F8D7D1-2700-48ED-AA62-6906CC2E7B7A}.Release|Any CPU.Build.0 = Release|Any CPU
		{A9DCB75E-70C5-4F81-A62E-77DFE3506520}.Debug|Any CPU.ActiveCfg = Debug|Any CPU
		{A9DCB75E-70C5-4F81-A62E-77DFE3506520}.Debug|Any CPU.Build.0 = Debug|Any CPU
		{A9DCB75E-70C5-4F81-A62E-77DFE3506520}.Release|Any CPU.ActiveCfg = Release|Any CPU
		{A9DCB75E-70C5-4F81-A62E-77DFE3506520}.Release|Any CPU.Build.0 = Release|Any CPU
		{7D15E563-5711-4FF4-AA72-73F216A5C640}.Debug|Any CPU.ActiveCfg = Debug|Any CPU
		{7D15E563-5711-4FF4-AA72-73F216A5C640}.Debug|Any CPU.Build.0 = Debug|Any CPU
		{7D15E563-5711-4FF4-AA72-73F216A5C640}.Release|Any CPU.ActiveCfg = Release|Any CPU
		{7D15E563-5711-4FF4-AA72-73F216A5C640}.Release|Any CPU.Build.0 = Release|Any CPU
		{D969A5F0-5A99-42D4-AF19-31438090D3A7}.Debug|Any CPU.ActiveCfg = Debug|Any CPU
		{D969A5F0-5A99-42D4-AF19-31438090D3A7}.Debug|Any CPU.Build.0 = Debug|Any CPU
		{D969A5F0-5A99-42D4-AF19-31438090D3A7}.Release|Any CPU.ActiveCfg = Release|Any CPU
		{D969A5F0-5A99-42D4-AF19-31438090D3A7}.Release|Any CPU.Build.0 = Release|Any CPU
		{B36DB1E0-840F-4F8F-A669-98C52CA230CF}.Debug|Any CPU.ActiveCfg = Debug|Any CPU
		{B36DB1E0-840F-4F8F-A669-98C52CA230CF}.Debug|Any CPU.Build.0 = Debug|Any CPU
		{B36DB1E0-840F-4F8F-A669-98C52CA230CF}.Release|Any CPU.ActiveCfg = Release|Any CPU
		{B36DB1E0-840F-4F8F-A669-98C52CA230CF}.Release|Any CPU.Build.0 = Release|Any CPU
		{2F1AA56E-15AF-4FCB-8A5C-78B7F6E370C0}.Debug|Any CPU.ActiveCfg = Debug|Any CPU
		{2F1AA56E-15AF-4FCB-8A5C-78B7F6E370C0}.Debug|Any CPU.Build.0 = Debug|Any CPU
		{2F1AA56E-15AF-4FCB-8A5C-78B7F6E370C0}.Release|Any CPU.ActiveCfg = Release|Any CPU
		{2F1AA56E-15AF-4FCB-8A5C-78B7F6E370C0}.Release|Any CPU.Build.0 = Release|Any CPU
		{6CE1AF08-DAAE-4477-8989-756F49800EFC}.Debug|Any CPU.ActiveCfg = Debug|Any CPU
		{6CE1AF08-DAAE-4477-8989-756F49800EFC}.Debug|Any CPU.Build.0 = Debug|Any CPU
		{6CE1AF08-DAAE-4477-8989-756F49800EFC}.Release|Any CPU.ActiveCfg = Release|Any CPU
		{6CE1AF08-DAAE-4477-8989-756F49800EFC}.Release|Any CPU.Build.0 = Release|Any CPU
	EndGlobalSection
	GlobalSection(SolutionProperties) = preSolution
		HideSolutionNode = FALSE
	EndGlobalSection
	GlobalSection(NestedProjects) = preSolution
		{EAEAF068-112A-4B5C-98B8-416ACFAAF60C} = {ABB85651-B077-474E-914C-124F42036B1C}
		{437F44BC-EA33-4D9C-9532-53FFCAC2DFF4} = {ABB85651-B077-474E-914C-124F42036B1C}
		{37649F69-79C6-4A15-9FA1-BEA593D2C37C} = {ABB85651-B077-474E-914C-124F42036B1C}
		{1E38CB8F-2E1A-4961-95C2-A35EA8B71381} = {B1C8C97E-C53F-4848-8488-327166AEBAA7}
		{A3263968-C057-4F10-832C-7502AC57591D} = {B1C8C97E-C53F-4848-8488-327166AEBAA7}
		{24F8D7D1-2700-48ED-AA62-6906CC2E7B7A} = {B1C8C97E-C53F-4848-8488-327166AEBAA7}
		{A9DCB75E-70C5-4F81-A62E-77DFE3506520} = {B1C8C97E-C53F-4848-8488-327166AEBAA7}
		{7D15E563-5711-4FF4-AA72-73F216A5C640} = {6FDA3A0E-3F50-4082-8E77-4F6D2CD5BDCA}
		{D969A5F0-5A99-42D4-AF19-31438090D3A7} = {6FDA3A0E-3F50-4082-8E77-4F6D2CD5BDCA}
		{B36DB1E0-840F-4F8F-A669-98C52CA230CF} = {6FDA3A0E-3F50-4082-8E77-4F6D2CD5BDCA}
		{2F1AA56E-15AF-4FCB-8A5C-78B7F6E370C0} = {6FDA3A0E-3F50-4082-8E77-4F6D2CD5BDCA}
		{6CE1AF08-DAAE-4477-8989-756F49800EFC} = {6FDA3A0E-3F50-4082-8E77-4F6D2CD5BDCA}
	EndGlobalSection
	GlobalSection(ExtensibilityGlobals) = postSolution
		SolutionGuid = {36A08C45-38DF-42C1-9D53-7A784F95A03E}
	EndGlobalSection
EndGlobal
